// !$*UTF8*$!
{
	archiveVersion = 1;
	classes = {
	};
	objectVersion = 51;
	objects = {

/* Begin PBXBuildFile section */
		411B60C52B081BC400185132 /* DefaultAssetRepository.swift in Sources */ = {isa = PBXBuildFile; fileRef = 411B60C42B081BC400185132 /* DefaultAssetRepository.swift */; };
		411B60CD2B08250500185132 /* AssetRepository.swift in Sources */ = {isa = PBXBuildFile; fileRef = 411B60CC2B08250500185132 /* AssetRepository.swift */; };
		411B60D32B08279D00185132 /* URLSessionAPIInteractor.swift in Sources */ = {isa = PBXBuildFile; fileRef = 411B60D22B08279D00185132 /* URLSessionAPIInteractor.swift */; };
		411B60D52B082B9100185132 /* APIInteractor.swift in Sources */ = {isa = PBXBuildFile; fileRef = 411B60D42B082B9100185132 /* APIInteractor.swift */; };
		411B60DA2B08850B00185132 /* ProfileRepository.swift in Sources */ = {isa = PBXBuildFile; fileRef = 411B60D92B08850B00185132 /* ProfileRepository.swift */; };
		411B60DC2B08858400185132 /* DefaultProfileRepository.swift in Sources */ = {isa = PBXBuildFile; fileRef = 411B60DB2B08858400185132 /* DefaultProfileRepository.swift */; };
		411B60E22B0890F800185132 /* PriceRepository.swift in Sources */ = {isa = PBXBuildFile; fileRef = 411B60E12B0890F800185132 /* PriceRepository.swift */; };
		411B60E42B08915D00185132 /* DefaultPriceRepository.swift in Sources */ = {isa = PBXBuildFile; fileRef = 411B60E32B08915D00185132 /* DefaultPriceRepository.swift */; };
		411B60E62B0940A400185132 /* Cancellable.swift in Sources */ = {isa = PBXBuildFile; fileRef = 411B60E52B0940A400185132 /* Cancellable.swift */; };
		411EE4782597E81F005A79F3 /* Extensions.swift in Sources */ = {isa = PBXBuildFile; fileRef = 411EE4772597E81F005A79F3 /* Extensions.swift */; };
		412BF6FD2592D37900F11969 /* AssetDetailsDataSource.swift in Sources */ = {isa = PBXBuildFile; fileRef = 412BF6FC2592D37900F11969 /* AssetDetailsDataSource.swift */; };
		412BF7052593F75B00F11969 /* TaglineCell.swift in Sources */ = {isa = PBXBuildFile; fileRef = 412BF7042593F75B00F11969 /* TaglineCell.swift */; };
		412BF7122594080A00F11969 /* AboutAssetCell.swift in Sources */ = {isa = PBXBuildFile; fileRef = 412BF7112594080A00F11969 /* AboutAssetCell.swift */; };
		414A52FA2ADC259300F92F38 /* Storyboarded.swift in Sources */ = {isa = PBXBuildFile; fileRef = 414A52F92ADC259300F92F38 /* Storyboarded.swift */; };
		414A52FC2ADC90AD00F92F38 /* MainCoordinator.swift in Sources */ = {isa = PBXBuildFile; fileRef = 414A52FB2ADC90AD00F92F38 /* MainCoordinator.swift */; };
		414A53002ADDD2D300F92F38 /* DIContainer.swift in Sources */ = {isa = PBXBuildFile; fileRef = 414A52FF2ADDD2D300F92F38 /* DIContainer.swift */; };
		419B5BB225D30BAE00443960 /* Supportive.swift in Sources */ = {isa = PBXBuildFile; fileRef = 419B5BB125D30BAE00443960 /* Supportive.swift */; };
		419D4FC225991BC200C6F1A3 /* FlowCoordinator.swift in Sources */ = {isa = PBXBuildFile; fileRef = 419D4FC125991BC200C6F1A3 /* FlowCoordinator.swift */; };
		419D4FC725991C1E00C6F1A3 /* AppCoordinator.swift in Sources */ = {isa = PBXBuildFile; fileRef = 419D4FC625991C1E00C6F1A3 /* AppCoordinator.swift */; };
		419D5016259A3A4F00C6F1A3 /* AssetDetailsViewModelTests.swift in Sources */ = {isa = PBXBuildFile; fileRef = 419D5015259A3A4E00C6F1A3 /* AssetDetailsViewModelTests.swift */; };
		41C7B5B7258F0A39001305A3 /* AssetsListDataSource.swift in Sources */ = {isa = PBXBuildFile; fileRef = 41C7B5B6258F0A39001305A3 /* AssetsListDataSource.swift */; };
		41C7B5BC258F0C9B001305A3 /* AssetCell.swift in Sources */ = {isa = PBXBuildFile; fileRef = 41C7B5BB258F0C9B001305A3 /* AssetCell.swift */; };
		41C7B5C1258F1057001305A3 /* PriceCurrency.swift in Sources */ = {isa = PBXBuildFile; fileRef = 41C7B5C0258F1057001305A3 /* PriceCurrency.swift */; };
		41C7B5C625903B8F001305A3 /* AssetDetails.storyboard in Resources */ = {isa = PBXBuildFile; fileRef = 41C7B5C525903B8F001305A3 /* AssetDetails.storyboard */; };
		41C7B5CF2590B7C2001305A3 /* HatCell.swift in Sources */ = {isa = PBXBuildFile; fileRef = 41C7B5CE2590B7C2001305A3 /* HatCell.swift */; };
		41C7B5D425917E12001305A3 /* AssetDetailsViewController.swift in Sources */ = {isa = PBXBuildFile; fileRef = 41C7B5D325917E12001305A3 /* AssetDetailsViewController.swift */; };
		41C7B5D925918122001305A3 /* AssetDetailsViewModel.swift in Sources */ = {isa = PBXBuildFile; fileRef = 41C7B5D825918122001305A3 /* AssetDetailsViewModel.swift */; };
		41C7B5DE2591817A001305A3 /* Details.swift in Sources */ = {isa = PBXBuildFile; fileRef = 41C7B5DD2591817A001305A3 /* Details.swift */; };
		41C7B5E3259181E7001305A3 /* Profile.swift in Sources */ = {isa = PBXBuildFile; fileRef = 41C7B5E2259181E7001305A3 /* Profile.swift */; };
		41D3B58225945259007E76EF /* LinkCell.swift in Sources */ = {isa = PBXBuildFile; fileRef = 41D3B58125945259007E76EF /* LinkCell.swift */; };
		41D3B58F25977BDE007E76EF /* Price.swift in Sources */ = {isa = PBXBuildFile; fileRef = 41D3B58E25977BDE007E76EF /* Price.swift */; };
		41DF4287258E34CC005EBE0E /* AppDelegate.swift in Sources */ = {isa = PBXBuildFile; fileRef = 41DF4286258E34CC005EBE0E /* AppDelegate.swift */; };
		41DF428B258E34CC005EBE0E /* AssetsListViewController.swift in Sources */ = {isa = PBXBuildFile; fileRef = 41DF428A258E34CC005EBE0E /* AssetsListViewController.swift */; };
		41DF428E258E34CC005EBE0E /* AssetsList.storyboard in Resources */ = {isa = PBXBuildFile; fileRef = 41DF428C258E34CC005EBE0E /* AssetsList.storyboard */; };
		41DF4290258E34D0005EBE0E /* Assets.xcassets in Resources */ = {isa = PBXBuildFile; fileRef = 41DF428F258E34D0005EBE0E /* Assets.xcassets */; };
		41DF4293258E34D0005EBE0E /* LaunchScreen.storyboard in Resources */ = {isa = PBXBuildFile; fileRef = 41DF4291258E34D0005EBE0E /* LaunchScreen.storyboard */; };
		41DF429E258E34D1005EBE0E /* AssetsListViewModelTests.swift in Sources */ = {isa = PBXBuildFile; fileRef = 41DF429D258E34D1005EBE0E /* AssetsListViewModelTests.swift */; };
		41DF42A9258E34D1005EBE0E /* CryptocurrencyInfoUITests.swift in Sources */ = {isa = PBXBuildFile; fileRef = 41DF42A8258E34D1005EBE0E /* CryptocurrencyInfoUITests.swift */; };
		41DF42D8258E37AB005EBE0E /* NetworkService.swift in Sources */ = {isa = PBXBuildFile; fileRef = 41DF42D3258E37AA005EBE0E /* NetworkService.swift */; };
		41DF42DC258E37AB005EBE0E /* RequestFactory.swift in Sources */ = {isa = PBXBuildFile; fileRef = 41DF42D7258E37AB005EBE0E /* RequestFactory.swift */; };
		41DF42E8258E5D8D005EBE0E /* Assets.swift in Sources */ = {isa = PBXBuildFile; fileRef = 41DF42E7258E5D8D005EBE0E /* Assets.swift */; };
		41DF42EE258E5DAE005EBE0E /* MessariAPI.swift in Sources */ = {isa = PBXBuildFile; fileRef = 41DF42ED258E5DAE005EBE0E /* MessariAPI.swift */; };
		41DF42F6258E5DE1005EBE0E /* AppConfiguration.swift in Sources */ = {isa = PBXBuildFile; fileRef = 41DF42F5258E5DE1005EBE0E /* AppConfiguration.swift */; };
		41DF4300258E6825005EBE0E /* AssetsListViewModel.swift in Sources */ = {isa = PBXBuildFile; fileRef = 41DF42FF258E6825005EBE0E /* AssetsListViewModel.swift */; };
		41DF4313258E6D9B005EBE0E /* Asset.swift in Sources */ = {isa = PBXBuildFile; fileRef = 41DF4312258E6D9B005EBE0E /* Asset.swift */; };
		58F113BCDFF76F9865930186 /* Pods_CryptocurrencyInfo.framework in Frameworks */ = {isa = PBXBuildFile; fileRef = 27C3187A23994C37235E344E /* Pods_CryptocurrencyInfo.framework */; };
		CD5C0667FC474CC9669B0A88 /* Pods_CryptocurrencyInfoTests.framework in Frameworks */ = {isa = PBXBuildFile; fileRef = 251295414662AE076B4F6B52 /* Pods_CryptocurrencyInfoTests.framework */; };
/* End PBXBuildFile section */

/* Begin PBXContainerItemProxy section */
		41DF429A258E34D1005EBE0E /* PBXContainerItemProxy */ = {
			isa = PBXContainerItemProxy;
			containerPortal = 41DF427B258E34CC005EBE0E /* Project object */;
			proxyType = 1;
			remoteGlobalIDString = 41DF4282258E34CC005EBE0E;
			remoteInfo = TestTask;
		};
		41DF42A5258E34D1005EBE0E /* PBXContainerItemProxy */ = {
			isa = PBXContainerItemProxy;
			containerPortal = 41DF427B258E34CC005EBE0E /* Project object */;
			proxyType = 1;
			remoteGlobalIDString = 41DF4282258E34CC005EBE0E;
			remoteInfo = TestTask;
		};
/* End PBXContainerItemProxy section */

/* Begin PBXFileReference section */
		251295414662AE076B4F6B52 /* Pods_CryptocurrencyInfoTests.framework */ = {isa = PBXFileReference; explicitFileType = wrapper.framework; includeInIndex = 0; path = Pods_CryptocurrencyInfoTests.framework; sourceTree = BUILT_PRODUCTS_DIR; };
		27C3187A23994C37235E344E /* Pods_CryptocurrencyInfo.framework */ = {isa = PBXFileReference; explicitFileType = wrapper.framework; includeInIndex = 0; path = Pods_CryptocurrencyInfo.framework; sourceTree = BUILT_PRODUCTS_DIR; };
		411B60C42B081BC400185132 /* DefaultAssetRepository.swift */ = {isa = PBXFileReference; lastKnownFileType = sourcecode.swift; path = DefaultAssetRepository.swift; sourceTree = "<group>"; };
		411B60CC2B08250500185132 /* AssetRepository.swift */ = {isa = PBXFileReference; lastKnownFileType = sourcecode.swift; path = AssetRepository.swift; sourceTree = "<group>"; };
		411B60D22B08279D00185132 /* URLSessionAPIInteractor.swift */ = {isa = PBXFileReference; lastKnownFileType = sourcecode.swift; path = URLSessionAPIInteractor.swift; sourceTree = "<group>"; };
		411B60D42B082B9100185132 /* APIInteractor.swift */ = {isa = PBXFileReference; lastKnownFileType = sourcecode.swift; path = APIInteractor.swift; sourceTree = "<group>"; };
		411B60D92B08850B00185132 /* ProfileRepository.swift */ = {isa = PBXFileReference; lastKnownFileType = sourcecode.swift; path = ProfileRepository.swift; sourceTree = "<group>"; };
		411B60DB2B08858400185132 /* DefaultProfileRepository.swift */ = {isa = PBXFileReference; lastKnownFileType = sourcecode.swift; path = DefaultProfileRepository.swift; sourceTree = "<group>"; };
		411B60E12B0890F800185132 /* PriceRepository.swift */ = {isa = PBXFileReference; lastKnownFileType = sourcecode.swift; path = PriceRepository.swift; sourceTree = "<group>"; };
		411B60E32B08915D00185132 /* DefaultPriceRepository.swift */ = {isa = PBXFileReference; lastKnownFileType = sourcecode.swift; path = DefaultPriceRepository.swift; sourceTree = "<group>"; };
		411B60E52B0940A400185132 /* Cancellable.swift */ = {isa = PBXFileReference; lastKnownFileType = sourcecode.swift; path = Cancellable.swift; sourceTree = "<group>"; };
		411EE4772597E81F005A79F3 /* Extensions.swift */ = {isa = PBXFileReference; lastKnownFileType = sourcecode.swift; path = Extensions.swift; sourceTree = "<group>"; };
		412BF6FC2592D37900F11969 /* AssetDetailsDataSource.swift */ = {isa = PBXFileReference; lastKnownFileType = sourcecode.swift; path = AssetDetailsDataSource.swift; sourceTree = "<group>"; };
		412BF7042593F75B00F11969 /* TaglineCell.swift */ = {isa = PBXFileReference; lastKnownFileType = sourcecode.swift; path = TaglineCell.swift; sourceTree = "<group>"; };
		412BF7112594080A00F11969 /* AboutAssetCell.swift */ = {isa = PBXFileReference; lastKnownFileType = sourcecode.swift; path = AboutAssetCell.swift; sourceTree = "<group>"; };
		414A52F92ADC259300F92F38 /* Storyboarded.swift */ = {isa = PBXFileReference; lastKnownFileType = sourcecode.swift; path = Storyboarded.swift; sourceTree = "<group>"; };
		414A52FB2ADC90AD00F92F38 /* MainCoordinator.swift */ = {isa = PBXFileReference; lastKnownFileType = sourcecode.swift; path = MainCoordinator.swift; sourceTree = "<group>"; };
		414A52FF2ADDD2D300F92F38 /* DIContainer.swift */ = {isa = PBXFileReference; fileEncoding = 4; lastKnownFileType = sourcecode.swift; path = DIContainer.swift; sourceTree = "<group>"; };
		419B5BB125D30BAE00443960 /* Supportive.swift */ = {isa = PBXFileReference; lastKnownFileType = sourcecode.swift; path = Supportive.swift; sourceTree = "<group>"; };
		419D4FC125991BC200C6F1A3 /* FlowCoordinator.swift */ = {isa = PBXFileReference; lastKnownFileType = sourcecode.swift; path = FlowCoordinator.swift; sourceTree = "<group>"; };
		419D4FC625991C1E00C6F1A3 /* AppCoordinator.swift */ = {isa = PBXFileReference; lastKnownFileType = sourcecode.swift; path = AppCoordinator.swift; sourceTree = "<group>"; };
		419D5015259A3A4E00C6F1A3 /* AssetDetailsViewModelTests.swift */ = {isa = PBXFileReference; lastKnownFileType = sourcecode.swift; path = AssetDetailsViewModelTests.swift; sourceTree = "<group>"; };
		41C7B5B6258F0A39001305A3 /* AssetsListDataSource.swift */ = {isa = PBXFileReference; lastKnownFileType = sourcecode.swift; path = AssetsListDataSource.swift; sourceTree = "<group>"; };
		41C7B5BB258F0C9B001305A3 /* AssetCell.swift */ = {isa = PBXFileReference; lastKnownFileType = sourcecode.swift; path = AssetCell.swift; sourceTree = "<group>"; };
		41C7B5C0258F1057001305A3 /* PriceCurrency.swift */ = {isa = PBXFileReference; lastKnownFileType = sourcecode.swift; path = PriceCurrency.swift; sourceTree = "<group>"; };
		41C7B5C525903B8F001305A3 /* AssetDetails.storyboard */ = {isa = PBXFileReference; lastKnownFileType = file.storyboard; path = AssetDetails.storyboard; sourceTree = "<group>"; };
		41C7B5CE2590B7C2001305A3 /* HatCell.swift */ = {isa = PBXFileReference; lastKnownFileType = sourcecode.swift; path = HatCell.swift; sourceTree = "<group>"; };
		41C7B5D325917E12001305A3 /* AssetDetailsViewController.swift */ = {isa = PBXFileReference; lastKnownFileType = sourcecode.swift; path = AssetDetailsViewController.swift; sourceTree = "<group>"; };
		41C7B5D825918122001305A3 /* AssetDetailsViewModel.swift */ = {isa = PBXFileReference; lastKnownFileType = sourcecode.swift; path = AssetDetailsViewModel.swift; sourceTree = "<group>"; };
		41C7B5DD2591817A001305A3 /* Details.swift */ = {isa = PBXFileReference; lastKnownFileType = sourcecode.swift; path = Details.swift; sourceTree = "<group>"; };
		41C7B5E2259181E7001305A3 /* Profile.swift */ = {isa = PBXFileReference; lastKnownFileType = sourcecode.swift; path = Profile.swift; sourceTree = "<group>"; };
		41D3B58125945259007E76EF /* LinkCell.swift */ = {isa = PBXFileReference; lastKnownFileType = sourcecode.swift; path = LinkCell.swift; sourceTree = "<group>"; };
		41D3B58E25977BDE007E76EF /* Price.swift */ = {isa = PBXFileReference; lastKnownFileType = sourcecode.swift; path = Price.swift; sourceTree = "<group>"; };
		41DF4283258E34CC005EBE0E /* CryptocurrencyInfo.app */ = {isa = PBXFileReference; explicitFileType = wrapper.application; includeInIndex = 0; path = CryptocurrencyInfo.app; sourceTree = BUILT_PRODUCTS_DIR; };
		41DF4286258E34CC005EBE0E /* AppDelegate.swift */ = {isa = PBXFileReference; lastKnownFileType = sourcecode.swift; path = AppDelegate.swift; sourceTree = "<group>"; };
		41DF428A258E34CC005EBE0E /* AssetsListViewController.swift */ = {isa = PBXFileReference; lastKnownFileType = sourcecode.swift; path = AssetsListViewController.swift; sourceTree = "<group>"; };
		41DF428D258E34CC005EBE0E /* Base */ = {isa = PBXFileReference; lastKnownFileType = file.storyboard; name = Base; path = Base.lproj/AssetsList.storyboard; sourceTree = "<group>"; };
		41DF428F258E34D0005EBE0E /* Assets.xcassets */ = {isa = PBXFileReference; lastKnownFileType = folder.assetcatalog; path = Assets.xcassets; sourceTree = "<group>"; };
		41DF4292258E34D0005EBE0E /* Base */ = {isa = PBXFileReference; lastKnownFileType = file.storyboard; name = Base; path = Base.lproj/LaunchScreen.storyboard; sourceTree = "<group>"; };
		41DF4294258E34D0005EBE0E /* Info.plist */ = {isa = PBXFileReference; lastKnownFileType = text.plist.xml; path = Info.plist; sourceTree = "<group>"; };
		41DF4299258E34D1005EBE0E /* CryptocurrencyInfoTests.xctest */ = {isa = PBXFileReference; explicitFileType = wrapper.cfbundle; includeInIndex = 0; path = CryptocurrencyInfoTests.xctest; sourceTree = BUILT_PRODUCTS_DIR; };
		41DF429D258E34D1005EBE0E /* AssetsListViewModelTests.swift */ = {isa = PBXFileReference; lastKnownFileType = sourcecode.swift; path = AssetsListViewModelTests.swift; sourceTree = "<group>"; };
		41DF429F258E34D1005EBE0E /* Info.plist */ = {isa = PBXFileReference; lastKnownFileType = text.plist.xml; path = Info.plist; sourceTree = "<group>"; };
		41DF42A4258E34D1005EBE0E /* CryptocurrencyInfoUITests.xctest */ = {isa = PBXFileReference; explicitFileType = wrapper.cfbundle; includeInIndex = 0; path = CryptocurrencyInfoUITests.xctest; sourceTree = BUILT_PRODUCTS_DIR; };
		41DF42A8258E34D1005EBE0E /* CryptocurrencyInfoUITests.swift */ = {isa = PBXFileReference; lastKnownFileType = sourcecode.swift; path = CryptocurrencyInfoUITests.swift; sourceTree = "<group>"; };
		41DF42AA258E34D1005EBE0E /* Info.plist */ = {isa = PBXFileReference; lastKnownFileType = text.plist.xml; path = Info.plist; sourceTree = "<group>"; };
		41DF42D3258E37AA005EBE0E /* NetworkService.swift */ = {isa = PBXFileReference; fileEncoding = 4; lastKnownFileType = sourcecode.swift; path = NetworkService.swift; sourceTree = "<group>"; };
		41DF42D7258E37AB005EBE0E /* RequestFactory.swift */ = {isa = PBXFileReference; fileEncoding = 4; lastKnownFileType = sourcecode.swift; path = RequestFactory.swift; sourceTree = "<group>"; };
		41DF42E7258E5D8D005EBE0E /* Assets.swift */ = {isa = PBXFileReference; fileEncoding = 4; lastKnownFileType = sourcecode.swift; path = Assets.swift; sourceTree = "<group>"; };
		41DF42ED258E5DAE005EBE0E /* MessariAPI.swift */ = {isa = PBXFileReference; fileEncoding = 4; lastKnownFileType = sourcecode.swift; path = MessariAPI.swift; sourceTree = "<group>"; };
		41DF42F5258E5DE1005EBE0E /* AppConfiguration.swift */ = {isa = PBXFileReference; fileEncoding = 4; lastKnownFileType = sourcecode.swift; path = AppConfiguration.swift; sourceTree = "<group>"; };
		41DF42FF258E6825005EBE0E /* AssetsListViewModel.swift */ = {isa = PBXFileReference; lastKnownFileType = sourcecode.swift; path = AssetsListViewModel.swift; sourceTree = "<group>"; };
		41DF4312258E6D9B005EBE0E /* Asset.swift */ = {isa = PBXFileReference; lastKnownFileType = sourcecode.swift; path = Asset.swift; sourceTree = "<group>"; };
		45518E4D22820FB054BB8C5E /* Pods-CryptocurrencyInfoTests.release.xcconfig */ = {isa = PBXFileReference; includeInIndex = 1; lastKnownFileType = text.xcconfig; name = "Pods-CryptocurrencyInfoTests.release.xcconfig"; path = "Target Support Files/Pods-CryptocurrencyInfoTests/Pods-CryptocurrencyInfoTests.release.xcconfig"; sourceTree = "<group>"; };
		8147933D328105ECE83FC233 /* Pods-CryptocurrencyInfo.release.xcconfig */ = {isa = PBXFileReference; includeInIndex = 1; lastKnownFileType = text.xcconfig; name = "Pods-CryptocurrencyInfo.release.xcconfig"; path = "Target Support Files/Pods-CryptocurrencyInfo/Pods-CryptocurrencyInfo.release.xcconfig"; sourceTree = "<group>"; };
		8B8364CCD3005DE08542FA94 /* Pods-CryptocurrencyInfoTests.debug.xcconfig */ = {isa = PBXFileReference; includeInIndex = 1; lastKnownFileType = text.xcconfig; name = "Pods-CryptocurrencyInfoTests.debug.xcconfig"; path = "Target Support Files/Pods-CryptocurrencyInfoTests/Pods-CryptocurrencyInfoTests.debug.xcconfig"; sourceTree = "<group>"; };
		A0951EE5401B12CEBDB7AA27 /* Pods-CryptocurrencyInfo.debug.xcconfig */ = {isa = PBXFileReference; includeInIndex = 1; lastKnownFileType = text.xcconfig; name = "Pods-CryptocurrencyInfo.debug.xcconfig"; path = "Target Support Files/Pods-CryptocurrencyInfo/Pods-CryptocurrencyInfo.debug.xcconfig"; sourceTree = "<group>"; };
/* End PBXFileReference section */

/* Begin PBXFrameworksBuildPhase section */
		41DF4280258E34CC005EBE0E /* Frameworks */ = {
			isa = PBXFrameworksBuildPhase;
			buildActionMask = 2147483647;
			files = (
				58F113BCDFF76F9865930186 /* Pods_CryptocurrencyInfo.framework in Frameworks */,
			);
			runOnlyForDeploymentPostprocessing = 0;
		};
		41DF4296258E34D1005EBE0E /* Frameworks */ = {
			isa = PBXFrameworksBuildPhase;
			buildActionMask = 2147483647;
			files = (
				CD5C0667FC474CC9669B0A88 /* Pods_CryptocurrencyInfoTests.framework in Frameworks */,
			);
			runOnlyForDeploymentPostprocessing = 0;
		};
		41DF42A1258E34D1005EBE0E /* Frameworks */ = {
			isa = PBXFrameworksBuildPhase;
			buildActionMask = 2147483647;
			files = (
			);
			runOnlyForDeploymentPostprocessing = 0;
		};
/* End PBXFrameworksBuildPhase section */

/* Begin PBXGroup section */
		290F0110278401379AA929DE /* Pods */ = {
			isa = PBXGroup;
			children = (
				A0951EE5401B12CEBDB7AA27 /* Pods-CryptocurrencyInfo.debug.xcconfig */,
				8147933D328105ECE83FC233 /* Pods-CryptocurrencyInfo.release.xcconfig */,
				8B8364CCD3005DE08542FA94 /* Pods-CryptocurrencyInfoTests.debug.xcconfig */,
				45518E4D22820FB054BB8C5E /* Pods-CryptocurrencyInfoTests.release.xcconfig */,
			);
			path = Pods;
			sourceTree = "<group>";
		};
		411B60C02B081AC800185132 /* Data */ = {
			isa = PBXGroup;
			children = (
				411B60E72B09DE4F00185132 /* Interfaces */,
				411B60C12B081B0200185132 /* Repositories */,
				411B60C22B081B3400185132 /* Network */,
			);
			path = Data;
			sourceTree = "<group>";
		};
		411B60C12B081B0200185132 /* Repositories */ = {
			isa = PBXGroup;
			children = (
				411B60C42B081BC400185132 /* DefaultAssetRepository.swift */,
				411B60DB2B08858400185132 /* DefaultProfileRepository.swift */,
				411B60E32B08915D00185132 /* DefaultPriceRepository.swift */,
			);
			path = Repositories;
			sourceTree = "<group>";
		};
		411B60C22B081B3400185132 /* Network */ = {
			isa = PBXGroup;
			children = (
				41DF42D1258E376E005EBE0E /* NetworkService */,
				411B60CF2B08274600185132 /* APIInteractor */,
				41DF42EC258E5DAE005EBE0E /* APIs */,
			);
			path = Network;
			sourceTree = "<group>";
		};
		411B60CF2B08274600185132 /* APIInteractor */ = {
			isa = PBXGroup;
			children = (
				411B60D42B082B9100185132 /* APIInteractor.swift */,
				411B60D22B08279D00185132 /* URLSessionAPIInteractor.swift */,
			);
			path = APIInteractor;
			sourceTree = "<group>";
		};
		411B60E72B09DE4F00185132 /* Interfaces */ = {
			isa = PBXGroup;
			children = (
				411B60CC2B08250500185132 /* AssetRepository.swift */,
				411B60D92B08850B00185132 /* ProfileRepository.swift */,
				411B60E12B0890F800185132 /* PriceRepository.swift */,
			);
			path = Interfaces;
			sourceTree = "<group>";
		};
		414A52F62ADC1DF900F92F38 /* AssetsFeature */ = {
			isa = PBXGroup;
			children = (
				41DF42E1258E37F2005EBE0E /* Models */,
				41DF42FB258E6194005EBE0E /* AssetsList */,
				41C7B5CD2590B778001305A3 /* AssetDetails */,
			);
			path = AssetsFeature;
			sourceTree = "<group>";
		};
		414A53012AE3445900F92F38 /* DIContainer */ = {
			isa = PBXGroup;
			children = (
				414A52FF2ADDD2D300F92F38 /* DIContainer.swift */,
			);
			path = DIContainer;
			sourceTree = "<group>";
		};
		414D910A2B6F61C7009F37CA /* Utils */ = {
			isa = PBXGroup;
			children = (
				419B5BB125D30BAE00443960 /* Supportive.swift */,
				411EE4772597E81F005A79F3 /* Extensions.swift */,
			);
			path = Utils;
			sourceTree = "<group>";
		};
		419D4FC025991B9C00C6F1A3 /* Coordinator */ = {
			isa = PBXGroup;
			children = (
				414A53012AE3445900F92F38 /* DIContainer */,
				419D4FC125991BC200C6F1A3 /* FlowCoordinator.swift */,
				419D4FC625991C1E00C6F1A3 /* AppCoordinator.swift */,
				414A52FB2ADC90AD00F92F38 /* MainCoordinator.swift */,
				414A52F92ADC259300F92F38 /* Storyboarded.swift */,
			);
			path = Coordinator;
			sourceTree = "<group>";
		};
		41B115C72B409D9C0062CD5F /* Resources */ = {
			isa = PBXGroup;
			children = (
				41DF428F258E34D0005EBE0E /* Assets.xcassets */,
			);
			path = Resources;
			sourceTree = "<group>";
		};
		41C7B5CD2590B778001305A3 /* AssetDetails */ = {
			isa = PBXGroup;
			children = (
				41C7B5EF259186E1001305A3 /* View */,
				41C7B5F0259186F9001305A3 /* ViewModel */,
				41C7B5F12591870A001305A3 /* Models */,
			);
			path = AssetDetails;
			sourceTree = "<group>";
		};
		41C7B5EC25918696001305A3 /* View */ = {
			isa = PBXGroup;
			children = (
				41DF428C258E34CC005EBE0E /* AssetsList.storyboard */,
				41DF428A258E34CC005EBE0E /* AssetsListViewController.swift */,
				41C7B5B6258F0A39001305A3 /* AssetsListDataSource.swift */,
				41D3B58025944FDD007E76EF /* Cells */,
			);
			path = View;
			sourceTree = "<group>";
		};
		41C7B5ED2591869C001305A3 /* ViewModel */ = {
			isa = PBXGroup;
			children = (
				41DF42FF258E6825005EBE0E /* AssetsListViewModel.swift */,
			);
			path = ViewModel;
			sourceTree = "<group>";
		};
		41C7B5EF259186E1001305A3 /* View */ = {
			isa = PBXGroup;
			children = (
				41C7B5C525903B8F001305A3 /* AssetDetails.storyboard */,
				41C7B5D325917E12001305A3 /* AssetDetailsViewController.swift */,
				412BF6FC2592D37900F11969 /* AssetDetailsDataSource.swift */,
				41D3B57F25944FC5007E76EF /* Cells */,
			);
			path = View;
			sourceTree = "<group>";
		};
		41C7B5F0259186F9001305A3 /* ViewModel */ = {
			isa = PBXGroup;
			children = (
				41C7B5D825918122001305A3 /* AssetDetailsViewModel.swift */,
			);
			path = ViewModel;
			sourceTree = "<group>";
		};
		41C7B5F12591870A001305A3 /* Models */ = {
			isa = PBXGroup;
			children = (
				41C7B5DD2591817A001305A3 /* Details.swift */,
				41C7B5E2259181E7001305A3 /* Profile.swift */,
				41D3B58E25977BDE007E76EF /* Price.swift */,
			);
			path = Models;
			sourceTree = "<group>";
		};
		41D3B57F25944FC5007E76EF /* Cells */ = {
			isa = PBXGroup;
			children = (
				41C7B5CE2590B7C2001305A3 /* HatCell.swift */,
				412BF7042593F75B00F11969 /* TaglineCell.swift */,
				412BF7112594080A00F11969 /* AboutAssetCell.swift */,
				41D3B58125945259007E76EF /* LinkCell.swift */,
			);
			path = Cells;
			sourceTree = "<group>";
		};
		41D3B58025944FDD007E76EF /* Cells */ = {
			isa = PBXGroup;
			children = (
				41C7B5BB258F0C9B001305A3 /* AssetCell.swift */,
			);
			path = Cells;
			sourceTree = "<group>";
		};
		41DF427A258E34CC005EBE0E = {
			isa = PBXGroup;
			children = (
				41DF4285258E34CC005EBE0E /* CryptocurrencyInfo */,
				41DF429C258E34D1005EBE0E /* CryptocurrencyInfoTests */,
				41DF42A7258E34D1005EBE0E /* CryptocurrencyInfoUITests */,
				41DF4284258E34CC005EBE0E /* Products */,
				290F0110278401379AA929DE /* Pods */,
				F554B0B98BDCB3702088137C /* Frameworks */,
			);
			sourceTree = "<group>";
		};
		41DF4284258E34CC005EBE0E /* Products */ = {
			isa = PBXGroup;
			children = (
				41DF4283258E34CC005EBE0E /* CryptocurrencyInfo.app */,
				41DF4299258E34D1005EBE0E /* CryptocurrencyInfoTests.xctest */,
				41DF42A4258E34D1005EBE0E /* CryptocurrencyInfoUITests.xctest */,
			);
			name = Products;
			sourceTree = "<group>";
		};
		41DF4285258E34CC005EBE0E /* CryptocurrencyInfo */ = {
			isa = PBXGroup;
			children = (
				419D4FC025991B9C00C6F1A3 /* Coordinator */,
				41DF42E0258E37EC005EBE0E /* Common */,
				41DF42FA258E6185005EBE0E /* Modules */,
				411B60C02B081AC800185132 /* Data */,
				41B115C72B409D9C0062CD5F /* Resources */,
				41DF4291258E34D0005EBE0E /* LaunchScreen.storyboard */,
				41DF4294258E34D0005EBE0E /* Info.plist */,
			);
			path = CryptocurrencyInfo;
			sourceTree = "<group>";
		};
		41DF429C258E34D1005EBE0E /* CryptocurrencyInfoTests */ = {
			isa = PBXGroup;
			children = (
				41DF429D258E34D1005EBE0E /* AssetsListViewModelTests.swift */,
				419D5015259A3A4E00C6F1A3 /* AssetDetailsViewModelTests.swift */,
				41DF429F258E34D1005EBE0E /* Info.plist */,
			);
			path = CryptocurrencyInfoTests;
			sourceTree = "<group>";
		};
		41DF42A7258E34D1005EBE0E /* CryptocurrencyInfoUITests */ = {
			isa = PBXGroup;
			children = (
				41DF42A8258E34D1005EBE0E /* CryptocurrencyInfoUITests.swift */,
				41DF42AA258E34D1005EBE0E /* Info.plist */,
			);
			path = CryptocurrencyInfoUITests;
			sourceTree = "<group>";
		};
		41DF42D1258E376E005EBE0E /* NetworkService */ = {
			isa = PBXGroup;
			children = (
				41DF42D3258E37AA005EBE0E /* NetworkService.swift */,
				41DF42D7258E37AB005EBE0E /* RequestFactory.swift */,
				411B60E52B0940A400185132 /* Cancellable.swift */,
			);
			path = NetworkService;
			sourceTree = "<group>";
		};
		41DF42E0258E37EC005EBE0E /* Common */ = {
			isa = PBXGroup;
			children = (
				41DF4286258E34CC005EBE0E /* AppDelegate.swift */,
				41DF42F5258E5DE1005EBE0E /* AppConfiguration.swift */,
				414D910A2B6F61C7009F37CA /* Utils */,
			);
			path = Common;
			sourceTree = "<group>";
		};
		41DF42E1258E37F2005EBE0E /* Models */ = {
			isa = PBXGroup;
			children = (
				41DF42E7258E5D8D005EBE0E /* Assets.swift */,
				41DF4312258E6D9B005EBE0E /* Asset.swift */,
				41C7B5C0258F1057001305A3 /* PriceCurrency.swift */,
			);
			path = Models;
			sourceTree = "<group>";
		};
		41DF42EC258E5DAE005EBE0E /* APIs */ = {
			isa = PBXGroup;
			children = (
				41DF42ED258E5DAE005EBE0E /* MessariAPI.swift */,
			);
			path = APIs;
			sourceTree = "<group>";
		};
		41DF42FA258E6185005EBE0E /* Modules */ = {
			isa = PBXGroup;
			children = (
				414A52F62ADC1DF900F92F38 /* AssetsFeature */,
			);
			path = Modules;
			sourceTree = "<group>";
		};
		41DF42FB258E6194005EBE0E /* AssetsList */ = {
			isa = PBXGroup;
			children = (
				41C7B5EC25918696001305A3 /* View */,
				41C7B5ED2591869C001305A3 /* ViewModel */,
			);
			path = AssetsList;
			sourceTree = "<group>";
		};
		F554B0B98BDCB3702088137C /* Frameworks */ = {
			isa = PBXGroup;
			children = (
				27C3187A23994C37235E344E /* Pods_CryptocurrencyInfo.framework */,
				251295414662AE076B4F6B52 /* Pods_CryptocurrencyInfoTests.framework */,
			);
			name = Frameworks;
			sourceTree = "<group>";
		};
/* End PBXGroup section */

/* Begin PBXNativeTarget section */
		41DF4282258E34CC005EBE0E /* CryptocurrencyInfo */ = {
			isa = PBXNativeTarget;
			buildConfigurationList = 41DF42AD258E34D1005EBE0E /* Build configuration list for PBXNativeTarget "CryptocurrencyInfo" */;
			buildPhases = (
				40CF28EE8C7D4264D869AF4F /* [CP] Check Pods Manifest.lock */,
				41DF427F258E34CC005EBE0E /* Sources */,
				41DF4280258E34CC005EBE0E /* Frameworks */,
				41DF4281258E34CC005EBE0E /* Resources */,
				1A42DC8D366783DFFAD872C2 /* [CP] Embed Pods Frameworks */,
			);
			buildRules = (
			);
			dependencies = (
			);
			name = CryptocurrencyInfo;
			productName = TestTask;
			productReference = 41DF4283258E34CC005EBE0E /* CryptocurrencyInfo.app */;
			productType = "com.apple.product-type.application";
		};
		41DF4298258E34D1005EBE0E /* CryptocurrencyInfoTests */ = {
			isa = PBXNativeTarget;
			buildConfigurationList = 41DF42B0258E34D1005EBE0E /* Build configuration list for PBXNativeTarget "CryptocurrencyInfoTests" */;
			buildPhases = (
				77DF2AAFE2F3A70175F507AA /* [CP] Check Pods Manifest.lock */,
				41DF4295258E34D1005EBE0E /* Sources */,
				41DF4296258E34D1005EBE0E /* Frameworks */,
				41DF4297258E34D1005EBE0E /* Resources */,
			);
			buildRules = (
			);
			dependencies = (
				41DF429B258E34D1005EBE0E /* PBXTargetDependency */,
			);
			name = CryptocurrencyInfoTests;
			productName = TestTaskTests;
			productReference = 41DF4299258E34D1005EBE0E /* CryptocurrencyInfoTests.xctest */;
			productType = "com.apple.product-type.bundle.unit-test";
		};
		41DF42A3258E34D1005EBE0E /* CryptocurrencyInfoUITests */ = {
			isa = PBXNativeTarget;
			buildConfigurationList = 41DF42B3258E34D1005EBE0E /* Build configuration list for PBXNativeTarget "CryptocurrencyInfoUITests" */;
			buildPhases = (
				41DF42A0258E34D1005EBE0E /* Sources */,
				41DF42A1258E34D1005EBE0E /* Frameworks */,
				41DF42A2258E34D1005EBE0E /* Resources */,
			);
			buildRules = (
			);
			dependencies = (
				41DF42A6258E34D1005EBE0E /* PBXTargetDependency */,
			);
			name = CryptocurrencyInfoUITests;
			productName = TestTaskUITests;
			productReference = 41DF42A4258E34D1005EBE0E /* CryptocurrencyInfoUITests.xctest */;
			productType = "com.apple.product-type.bundle.ui-testing";
		};
/* End PBXNativeTarget section */

/* Begin PBXProject section */
		41DF427B258E34CC005EBE0E /* Project object */ = {
			isa = PBXProject;
			attributes = {
				LastSwiftUpdateCheck = 1220;
				LastUpgradeCheck = 1220;
				TargetAttributes = {
					41DF4282258E34CC005EBE0E = {
						CreatedOnToolsVersion = 12.2;
					};
					41DF4298258E34D1005EBE0E = {
						CreatedOnToolsVersion = 12.2;
						TestTargetID = 41DF4282258E34CC005EBE0E;
					};
					41DF42A3258E34D1005EBE0E = {
						CreatedOnToolsVersion = 12.2;
						TestTargetID = 41DF4282258E34CC005EBE0E;
					};
				};
			};
			buildConfigurationList = 41DF427E258E34CC005EBE0E /* Build configuration list for PBXProject "CryptocurrencyInfo" */;
			compatibilityVersion = "Xcode 9.3";
			developmentRegion = en;
			hasScannedForEncodings = 0;
			knownRegions = (
				en,
				Base,
			);
			mainGroup = 41DF427A258E34CC005EBE0E;
			productRefGroup = 41DF4284258E34CC005EBE0E /* Products */;
			projectDirPath = "";
			projectRoot = "";
			targets = (
				41DF4282258E34CC005EBE0E /* CryptocurrencyInfo */,
				41DF4298258E34D1005EBE0E /* CryptocurrencyInfoTests */,
				41DF42A3258E34D1005EBE0E /* CryptocurrencyInfoUITests */,
			);
		};
/* End PBXProject section */

/* Begin PBXResourcesBuildPhase section */
		41DF4281258E34CC005EBE0E /* Resources */ = {
			isa = PBXResourcesBuildPhase;
			buildActionMask = 2147483647;
			files = (
				41DF4293258E34D0005EBE0E /* LaunchScreen.storyboard in Resources */,
				41DF4290258E34D0005EBE0E /* Assets.xcassets in Resources */,
				41DF428E258E34CC005EBE0E /* AssetsList.storyboard in Resources */,
				41C7B5C625903B8F001305A3 /* AssetDetails.storyboard in Resources */,
			);
			runOnlyForDeploymentPostprocessing = 0;
		};
		41DF4297258E34D1005EBE0E /* Resources */ = {
			isa = PBXResourcesBuildPhase;
			buildActionMask = 2147483647;
			files = (
			);
			runOnlyForDeploymentPostprocessing = 0;
		};
		41DF42A2258E34D1005EBE0E /* Resources */ = {
			isa = PBXResourcesBuildPhase;
			buildActionMask = 2147483647;
			files = (
			);
			runOnlyForDeploymentPostprocessing = 0;
		};
/* End PBXResourcesBuildPhase section */

/* Begin PBXShellScriptBuildPhase section */
		1A42DC8D366783DFFAD872C2 /* [CP] Embed Pods Frameworks */ = {
			isa = PBXShellScriptBuildPhase;
			buildActionMask = 2147483647;
			files = (
			);
			inputFileListPaths = (
				"${PODS_ROOT}/Target Support Files/Pods-CryptocurrencyInfo/Pods-CryptocurrencyInfo-frameworks-${CONFIGURATION}-input-files.xcfilelist",
			);
			name = "[CP] Embed Pods Frameworks";
			outputFileListPaths = (
				"${PODS_ROOT}/Target Support Files/Pods-CryptocurrencyInfo/Pods-CryptocurrencyInfo-frameworks-${CONFIGURATION}-output-files.xcfilelist",
			);
			runOnlyForDeploymentPostprocessing = 0;
			shellPath = /bin/sh;
			shellScript = "\"${PODS_ROOT}/Target Support Files/Pods-CryptocurrencyInfo/Pods-CryptocurrencyInfo-frameworks.sh\"\n";
			showEnvVarsInLog = 0;
		};
		40CF28EE8C7D4264D869AF4F /* [CP] Check Pods Manifest.lock */ = {
			isa = PBXShellScriptBuildPhase;
			buildActionMask = 2147483647;
			files = (
			);
			inputFileListPaths = (
			);
			inputPaths = (
				"${PODS_PODFILE_DIR_PATH}/Podfile.lock",
				"${PODS_ROOT}/Manifest.lock",
			);
			name = "[CP] Check Pods Manifest.lock";
			outputFileListPaths = (
			);
			outputPaths = (
				"$(DERIVED_FILE_DIR)/Pods-CryptocurrencyInfo-checkManifestLockResult.txt",
			);
			runOnlyForDeploymentPostprocessing = 0;
			shellPath = /bin/sh;
			shellScript = "diff \"${PODS_PODFILE_DIR_PATH}/Podfile.lock\" \"${PODS_ROOT}/Manifest.lock\" > /dev/null\nif [ $? != 0 ] ; then\n    # print error to STDERR\n    echo \"error: The sandbox is not in sync with the Podfile.lock. Run 'pod install' or update your CocoaPods installation.\" >&2\n    exit 1\nfi\n# This output is used by Xcode 'outputs' to avoid re-running this script phase.\necho \"SUCCESS\" > \"${SCRIPT_OUTPUT_FILE_0}\"\n";
			showEnvVarsInLog = 0;
		};
		77DF2AAFE2F3A70175F507AA /* [CP] Check Pods Manifest.lock */ = {
			isa = PBXShellScriptBuildPhase;
			buildActionMask = 2147483647;
			files = (
			);
			inputFileListPaths = (
			);
			inputPaths = (
				"${PODS_PODFILE_DIR_PATH}/Podfile.lock",
				"${PODS_ROOT}/Manifest.lock",
			);
			name = "[CP] Check Pods Manifest.lock";
			outputFileListPaths = (
			);
			outputPaths = (
				"$(DERIVED_FILE_DIR)/Pods-CryptocurrencyInfoTests-checkManifestLockResult.txt",
			);
			runOnlyForDeploymentPostprocessing = 0;
			shellPath = /bin/sh;
			shellScript = "diff \"${PODS_PODFILE_DIR_PATH}/Podfile.lock\" \"${PODS_ROOT}/Manifest.lock\" > /dev/null\nif [ $? != 0 ] ; then\n    # print error to STDERR\n    echo \"error: The sandbox is not in sync with the Podfile.lock. Run 'pod install' or update your CocoaPods installation.\" >&2\n    exit 1\nfi\n# This output is used by Xcode 'outputs' to avoid re-running this script phase.\necho \"SUCCESS\" > \"${SCRIPT_OUTPUT_FILE_0}\"\n";
			showEnvVarsInLog = 0;
		};
/* End PBXShellScriptBuildPhase section */

/* Begin PBXSourcesBuildPhase section */
		41DF427F258E34CC005EBE0E /* Sources */ = {
			isa = PBXSourcesBuildPhase;
			buildActionMask = 2147483647;
			files = (
				41C7B5D925918122001305A3 /* AssetDetailsViewModel.swift in Sources */,
				411B60E22B0890F800185132 /* PriceRepository.swift in Sources */,
				41DF4313258E6D9B005EBE0E /* Asset.swift in Sources */,
				411B60DC2B08858400185132 /* DefaultProfileRepository.swift in Sources */,
				41DF42F6258E5DE1005EBE0E /* AppConfiguration.swift in Sources */,
				411B60D52B082B9100185132 /* APIInteractor.swift in Sources */,
				41DF4300258E6825005EBE0E /* AssetsListViewModel.swift in Sources */,
				411B60DA2B08850B00185132 /* ProfileRepository.swift in Sources */,
				41C7B5DE2591817A001305A3 /* Details.swift in Sources */,
				41DF428B258E34CC005EBE0E /* AssetsListViewController.swift in Sources */,
				419B5BB225D30BAE00443960 /* Supportive.swift in Sources */,
				41DF42EE258E5DAE005EBE0E /* MessariAPI.swift in Sources */,
				412BF7122594080A00F11969 /* AboutAssetCell.swift in Sources */,
				41DF42DC258E37AB005EBE0E /* RequestFactory.swift in Sources */,
				41C7B5E3259181E7001305A3 /* Profile.swift in Sources */,
				411B60D32B08279D00185132 /* URLSessionAPIInteractor.swift in Sources */,
				412BF6FD2592D37900F11969 /* AssetDetailsDataSource.swift in Sources */,
				414A53002ADDD2D300F92F38 /* DIContainer.swift in Sources */,
				41DF42D8258E37AB005EBE0E /* NetworkService.swift in Sources */,
				41C7B5D425917E12001305A3 /* AssetDetailsViewController.swift in Sources */,
				411B60E62B0940A400185132 /* Cancellable.swift in Sources */,
				411B60E42B08915D00185132 /* DefaultPriceRepository.swift in Sources */,
				412BF7052593F75B00F11969 /* TaglineCell.swift in Sources */,
				419D4FC725991C1E00C6F1A3 /* AppCoordinator.swift in Sources */,
				41DF4287258E34CC005EBE0E /* AppDelegate.swift in Sources */,
				41C7B5C1258F1057001305A3 /* PriceCurrency.swift in Sources */,
				411B60C52B081BC400185132 /* DefaultAssetRepository.swift in Sources */,
				41C7B5CF2590B7C2001305A3 /* HatCell.swift in Sources */,
				411B60CD2B08250500185132 /* AssetRepository.swift in Sources */,
				414A52FC2ADC90AD00F92F38 /* MainCoordinator.swift in Sources */,
				41C7B5BC258F0C9B001305A3 /* AssetCell.swift in Sources */,
				419D4FC225991BC200C6F1A3 /* FlowCoordinator.swift in Sources */,
				414A52FA2ADC259300F92F38 /* Storyboarded.swift in Sources */,
				41D3B58225945259007E76EF /* LinkCell.swift in Sources */,
				411EE4782597E81F005A79F3 /* Extensions.swift in Sources */,
				41DF42E8258E5D8D005EBE0E /* Assets.swift in Sources */,
				41D3B58F25977BDE007E76EF /* Price.swift in Sources */,
				41C7B5B7258F0A39001305A3 /* AssetsListDataSource.swift in Sources */,
			);
			runOnlyForDeploymentPostprocessing = 0;
		};
		41DF4295258E34D1005EBE0E /* Sources */ = {
			isa = PBXSourcesBuildPhase;
			buildActionMask = 2147483647;
			files = (
				419D5016259A3A4F00C6F1A3 /* AssetDetailsViewModelTests.swift in Sources */,
				41DF429E258E34D1005EBE0E /* AssetsListViewModelTests.swift in Sources */,
			);
			runOnlyForDeploymentPostprocessing = 0;
		};
		41DF42A0258E34D1005EBE0E /* Sources */ = {
			isa = PBXSourcesBuildPhase;
			buildActionMask = 2147483647;
			files = (
				41DF42A9258E34D1005EBE0E /* CryptocurrencyInfoUITests.swift in Sources */,
			);
			runOnlyForDeploymentPostprocessing = 0;
		};
/* End PBXSourcesBuildPhase section */

/* Begin PBXTargetDependency section */
		41DF429B258E34D1005EBE0E /* PBXTargetDependency */ = {
			isa = PBXTargetDependency;
			target = 41DF4282258E34CC005EBE0E /* CryptocurrencyInfo */;
			targetProxy = 41DF429A258E34D1005EBE0E /* PBXContainerItemProxy */;
		};
		41DF42A6258E34D1005EBE0E /* PBXTargetDependency */ = {
			isa = PBXTargetDependency;
			target = 41DF4282258E34CC005EBE0E /* CryptocurrencyInfo */;
			targetProxy = 41DF42A5258E34D1005EBE0E /* PBXContainerItemProxy */;
		};
/* End PBXTargetDependency section */

/* Begin PBXVariantGroup section */
		41DF428C258E34CC005EBE0E /* AssetsList.storyboard */ = {
			isa = PBXVariantGroup;
			children = (
				41DF428D258E34CC005EBE0E /* Base */,
			);
			name = AssetsList.storyboard;
			sourceTree = "<group>";
		};
		41DF4291258E34D0005EBE0E /* LaunchScreen.storyboard */ = {
			isa = PBXVariantGroup;
			children = (
				41DF4292258E34D0005EBE0E /* Base */,
			);
			name = LaunchScreen.storyboard;
			sourceTree = "<group>";
		};
/* End PBXVariantGroup section */

/* Begin XCBuildConfiguration section */
		41DF42AB258E34D1005EBE0E /* Debug */ = {
			isa = XCBuildConfiguration;
			buildSettings = {
				ALWAYS_SEARCH_USER_PATHS = NO;
				CLANG_ANALYZER_NONNULL = YES;
				CLANG_ANALYZER_NUMBER_OBJECT_CONVERSION = YES_AGGRESSIVE;
				CLANG_CXX_LANGUAGE_STANDARD = "gnu++14";
				CLANG_CXX_LIBRARY = "libc++";
				CLANG_ENABLE_MODULES = YES;
				CLANG_ENABLE_OBJC_ARC = YES;
				CLANG_ENABLE_OBJC_WEAK = YES;
				CLANG_WARN_BLOCK_CAPTURE_AUTORELEASING = YES;
				CLANG_WARN_BOOL_CONVERSION = YES;
				CLANG_WARN_COMMA = YES;
				CLANG_WARN_CONSTANT_CONVERSION = YES;
				CLANG_WARN_DEPRECATED_OBJC_IMPLEMENTATIONS = YES;
				CLANG_WARN_DIRECT_OBJC_ISA_USAGE = YES_ERROR;
				CLANG_WARN_DOCUMENTATION_COMMENTS = YES;
				CLANG_WARN_EMPTY_BODY = YES;
				CLANG_WARN_ENUM_CONVERSION = YES;
				CLANG_WARN_INFINITE_RECURSION = YES;
				CLANG_WARN_INT_CONVERSION = YES;
				CLANG_WARN_NON_LITERAL_NULL_CONVERSION = YES;
				CLANG_WARN_OBJC_IMPLICIT_RETAIN_SELF = YES;
				CLANG_WARN_OBJC_LITERAL_CONVERSION = YES;
				CLANG_WARN_OBJC_ROOT_CLASS = YES_ERROR;
				CLANG_WARN_QUOTED_INCLUDE_IN_FRAMEWORK_HEADER = YES;
				CLANG_WARN_RANGE_LOOP_ANALYSIS = YES;
				CLANG_WARN_STRICT_PROTOTYPES = YES;
				CLANG_WARN_SUSPICIOUS_MOVE = YES;
				CLANG_WARN_UNGUARDED_AVAILABILITY = YES_AGGRESSIVE;
				CLANG_WARN_UNREACHABLE_CODE = YES;
				CLANG_WARN__DUPLICATE_METHOD_MATCH = YES;
				COPY_PHASE_STRIP = NO;
				DEBUG_INFORMATION_FORMAT = dwarf;
				ENABLE_STRICT_OBJC_MSGSEND = YES;
				ENABLE_TESTABILITY = YES;
				GCC_C_LANGUAGE_STANDARD = gnu11;
				GCC_DYNAMIC_NO_PIC = NO;
				GCC_NO_COMMON_BLOCKS = YES;
				GCC_OPTIMIZATION_LEVEL = 0;
				GCC_PREPROCESSOR_DEFINITIONS = (
					"DEBUG=1",
					"$(inherited)",
				);
				GCC_WARN_64_TO_32_BIT_CONVERSION = YES;
				GCC_WARN_ABOUT_RETURN_TYPE = YES_ERROR;
				GCC_WARN_UNDECLARED_SELECTOR = YES;
				GCC_WARN_UNINITIALIZED_AUTOS = YES_AGGRESSIVE;
				GCC_WARN_UNUSED_FUNCTION = YES;
				GCC_WARN_UNUSED_VARIABLE = YES;
				IPHONEOS_DEPLOYMENT_TARGET = 11.2;
				MTL_ENABLE_DEBUG_INFO = INCLUDE_SOURCE;
				MTL_FAST_MATH = YES;
				ONLY_ACTIVE_ARCH = YES;
				SDKROOT = iphoneos;
				SWIFT_ACTIVE_COMPILATION_CONDITIONS = DEBUG;
				SWIFT_OPTIMIZATION_LEVEL = "-Onone";
			};
			name = Debug;
		};
		41DF42AC258E34D1005EBE0E /* Release */ = {
			isa = XCBuildConfiguration;
			buildSettings = {
				ALWAYS_SEARCH_USER_PATHS = NO;
				CLANG_ANALYZER_NONNULL = YES;
				CLANG_ANALYZER_NUMBER_OBJECT_CONVERSION = YES_AGGRESSIVE;
				CLANG_CXX_LANGUAGE_STANDARD = "gnu++14";
				CLANG_CXX_LIBRARY = "libc++";
				CLANG_ENABLE_MODULES = YES;
				CLANG_ENABLE_OBJC_ARC = YES;
				CLANG_ENABLE_OBJC_WEAK = YES;
				CLANG_WARN_BLOCK_CAPTURE_AUTORELEASING = YES;
				CLANG_WARN_BOOL_CONVERSION = YES;
				CLANG_WARN_COMMA = YES;
				CLANG_WARN_CONSTANT_CONVERSION = YES;
				CLANG_WARN_DEPRECATED_OBJC_IMPLEMENTATIONS = YES;
				CLANG_WARN_DIRECT_OBJC_ISA_USAGE = YES_ERROR;
				CLANG_WARN_DOCUMENTATION_COMMENTS = YES;
				CLANG_WARN_EMPTY_BODY = YES;
				CLANG_WARN_ENUM_CONVERSION = YES;
				CLANG_WARN_INFINITE_RECURSION = YES;
				CLANG_WARN_INT_CONVERSION = YES;
				CLANG_WARN_NON_LITERAL_NULL_CONVERSION = YES;
				CLANG_WARN_OBJC_IMPLICIT_RETAIN_SELF = YES;
				CLANG_WARN_OBJC_LITERAL_CONVERSION = YES;
				CLANG_WARN_OBJC_ROOT_CLASS = YES_ERROR;
				CLANG_WARN_QUOTED_INCLUDE_IN_FRAMEWORK_HEADER = YES;
				CLANG_WARN_RANGE_LOOP_ANALYSIS = YES;
				CLANG_WARN_STRICT_PROTOTYPES = YES;
				CLANG_WARN_SUSPICIOUS_MOVE = YES;
				CLANG_WARN_UNGUARDED_AVAILABILITY = YES_AGGRESSIVE;
				CLANG_WARN_UNREACHABLE_CODE = YES;
				CLANG_WARN__DUPLICATE_METHOD_MATCH = YES;
				COPY_PHASE_STRIP = NO;
				DEBUG_INFORMATION_FORMAT = "dwarf-with-dsym";
				ENABLE_NS_ASSERTIONS = NO;
				ENABLE_STRICT_OBJC_MSGSEND = YES;
				GCC_C_LANGUAGE_STANDARD = gnu11;
				GCC_NO_COMMON_BLOCKS = YES;
				GCC_WARN_64_TO_32_BIT_CONVERSION = YES;
				GCC_WARN_ABOUT_RETURN_TYPE = YES_ERROR;
				GCC_WARN_UNDECLARED_SELECTOR = YES;
				GCC_WARN_UNINITIALIZED_AUTOS = YES_AGGRESSIVE;
				GCC_WARN_UNUSED_FUNCTION = YES;
				GCC_WARN_UNUSED_VARIABLE = YES;
				IPHONEOS_DEPLOYMENT_TARGET = 11.2;
				MTL_ENABLE_DEBUG_INFO = NO;
				MTL_FAST_MATH = YES;
				SDKROOT = iphoneos;
				SWIFT_COMPILATION_MODE = wholemodule;
				SWIFT_OPTIMIZATION_LEVEL = "-O";
				VALIDATE_PRODUCT = YES;
			};
			name = Release;
		};
		41DF42AE258E34D1005EBE0E /* Debug */ = {
			isa = XCBuildConfiguration;
			baseConfigurationReference = A0951EE5401B12CEBDB7AA27 /* Pods-CryptocurrencyInfo.debug.xcconfig */;
			buildSettings = {
				ASSETCATALOG_COMPILER_APPICON_NAME = AppIcon;
				ASSETCATALOG_COMPILER_GLOBAL_ACCENT_COLOR_NAME = AccentColor;
				CODE_SIGN_STYLE = Automatic;
				DEVELOPMENT_TEAM = 23R9SJL6N9;
				INFOPLIST_FILE = CryptocurrencyInfo/Info.plist;
				IPHONEOS_DEPLOYMENT_TARGET = 15.0;
				LD_RUNPATH_SEARCH_PATHS = (
					"$(inherited)",
					"@executable_path/Frameworks",
				);
				MARKETING_VERSION = 1.0;
				PRODUCT_BUNDLE_IDENTIFIER = com.gmail.denisvsimon.CryptocurrencyInfo;
				PRODUCT_NAME = "$(TARGET_NAME)";
				SWIFT_VERSION = 5.0;
				TARGETED_DEVICE_FAMILY = "1,2";
			};
			name = Debug;
		};
		41DF42AF258E34D1005EBE0E /* Release */ = {
			isa = XCBuildConfiguration;
			baseConfigurationReference = 8147933D328105ECE83FC233 /* Pods-CryptocurrencyInfo.release.xcconfig */;
			buildSettings = {
				ASSETCATALOG_COMPILER_APPICON_NAME = AppIcon;
				ASSETCATALOG_COMPILER_GLOBAL_ACCENT_COLOR_NAME = AccentColor;
				CODE_SIGN_STYLE = Automatic;
				DEVELOPMENT_TEAM = 23R9SJL6N9;
				INFOPLIST_FILE = CryptocurrencyInfo/Info.plist;
				IPHONEOS_DEPLOYMENT_TARGET = 15.0;
				LD_RUNPATH_SEARCH_PATHS = (
					"$(inherited)",
					"@executable_path/Frameworks",
				);
				MARKETING_VERSION = 1.0;
				PRODUCT_BUNDLE_IDENTIFIER = com.gmail.denisvsimon.CryptocurrencyInfo;
				PRODUCT_NAME = "$(TARGET_NAME)";
				SWIFT_VERSION = 5.0;
				TARGETED_DEVICE_FAMILY = "1,2";
			};
			name = Release;
		};
		41DF42B1258E34D1005EBE0E /* Debug */ = {
			isa = XCBuildConfiguration;
			baseConfigurationReference = 8B8364CCD3005DE08542FA94 /* Pods-CryptocurrencyInfoTests.debug.xcconfig */;
			buildSettings = {
				ALWAYS_EMBED_SWIFT_STANDARD_LIBRARIES = YES;
				BUNDLE_LOADER = "$(TEST_HOST)";
				CODE_SIGN_STYLE = Automatic;
				DEVELOPMENT_TEAM = 23R9SJL6N9;
				HEADER_SEARCH_PATHS = "";
				INFOPLIST_FILE = CryptocurrencyInfoTests/Info.plist;
				IPHONEOS_DEPLOYMENT_TARGET = 15.0;
				LD_RUNPATH_SEARCH_PATHS = (
					"$(inherited)",
					"@executable_path/Frameworks",
					"@loader_path/Frameworks",
				);
				PRODUCT_BUNDLE_IDENTIFIER = com.gmail.denisvsimon.CryptocurrencyInfoTests;
				PRODUCT_NAME = "$(TARGET_NAME)";
				SWIFT_VERSION = 5.0;
				TARGETED_DEVICE_FAMILY = "1,2";
				TEST_HOST = "$(BUILT_PRODUCTS_DIR)/CryptocurrencyInfo.app/CryptocurrencyInfo";
			};
			name = Debug;
		};
		41DF42B2258E34D1005EBE0E /* Release */ = {
			isa = XCBuildConfiguration;
			baseConfigurationReference = 45518E4D22820FB054BB8C5E /* Pods-CryptocurrencyInfoTests.release.xcconfig */;
			buildSettings = {
				ALWAYS_EMBED_SWIFT_STANDARD_LIBRARIES = YES;
				BUNDLE_LOADER = "$(TEST_HOST)";
				CODE_SIGN_STYLE = Automatic;
				DEVELOPMENT_TEAM = 23R9SJL6N9;
				HEADER_SEARCH_PATHS = "";
				INFOPLIST_FILE = CryptocurrencyInfoTests/Info.plist;
				IPHONEOS_DEPLOYMENT_TARGET = 15.0;
				LD_RUNPATH_SEARCH_PATHS = (
					"$(inherited)",
					"@executable_path/Frameworks",
					"@loader_path/Frameworks",
				);
				PRODUCT_BUNDLE_IDENTIFIER = com.gmail.denisvsimon.CryptocurrencyInfoTests;
				PRODUCT_NAME = "$(TARGET_NAME)";
				SWIFT_VERSION = 5.0;
				TARGETED_DEVICE_FAMILY = "1,2";
				TEST_HOST = "$(BUILT_PRODUCTS_DIR)/CryptocurrencyInfo.app/CryptocurrencyInfo";
			};
			name = Release;
		};
		41DF42B4258E34D1005EBE0E /* Debug */ = {
			isa = XCBuildConfiguration;
			buildSettings = {
				ALWAYS_EMBED_SWIFT_STANDARD_LIBRARIES = YES;
				CODE_SIGN_STYLE = Automatic;
				DEVELOPMENT_TEAM = 23R9SJL6N9;
				INFOPLIST_FILE = CryptocurrencyInfoUITests/Info.plist;
				IPHONEOS_DEPLOYMENT_TARGET = 15.0;
				LD_RUNPATH_SEARCH_PATHS = (
					"$(inherited)",
					"@executable_path/Frameworks",
					"@loader_path/Frameworks",
				);
				PRODUCT_BUNDLE_IDENTIFIER = com.gmail.denisvsimon.CryptocurrencyInfoUITests;
				PRODUCT_NAME = "$(TARGET_NAME)";
				SWIFT_VERSION = 5.0;
				TARGETED_DEVICE_FAMILY = "1,2";
				TEST_TARGET_NAME = CryptocurrencyInfo;
			};
			name = Debug;
		};
		41DF42B5258E34D1005EBE0E /* Release */ = {
			isa = XCBuildConfiguration;
			buildSettings = {
				ALWAYS_EMBED_SWIFT_STANDARD_LIBRARIES = YES;
				CODE_SIGN_STYLE = Automatic;
				DEVELOPMENT_TEAM = 23R9SJL6N9;
				INFOPLIST_FILE = CryptocurrencyInfoUITests/Info.plist;
				IPHONEOS_DEPLOYMENT_TARGET = 15.0;
				LD_RUNPATH_SEARCH_PATHS = (
					"$(inherited)",
					"@executable_path/Frameworks",
					"@loader_path/Frameworks",
				);
				PRODUCT_BUNDLE_IDENTIFIER = com.gmail.denisvsimon.CryptocurrencyInfoUITests;
				PRODUCT_NAME = "$(TARGET_NAME)";
				SWIFT_VERSION = 5.0;
				TARGETED_DEVICE_FAMILY = "1,2";
				TEST_TARGET_NAME = CryptocurrencyInfo;
			};
			name = Release;
		};
/* End XCBuildConfiguration section */

/* Begin XCConfigurationList section */
		41DF427E258E34CC005EBE0E /* Build configuration list for PBXProject "CryptocurrencyInfo" */ = {
			isa = XCConfigurationList;
			buildConfigurations = (
				41DF42AB258E34D1005EBE0E /* Debug */,
				41DF42AC258E34D1005EBE0E /* Release */,
			);
			defaultConfigurationIsVisible = 0;
			defaultConfigurationName = Release;
		};
		41DF42AD258E34D1005EBE0E /* Build configuration list for PBXNativeTarget "CryptocurrencyInfo" */ = {
			isa = XCConfigurationList;
			buildConfigurations = (
				41DF42AE258E34D1005EBE0E /* Debug */,
				41DF42AF258E34D1005EBE0E /* Release */,
			);
			defaultConfigurationIsVisible = 0;
			defaultConfigurationName = Release;
		};
		41DF42B0258E34D1005EBE0E /* Build configuration list for PBXNativeTarget "CryptocurrencyInfoTests" */ = {
			isa = XCConfigurationList;
			buildConfigurations = (
				41DF42B1258E34D1005EBE0E /* Debug */,
				41DF42B2258E34D1005EBE0E /* Release */,
			);
			defaultConfigurationIsVisible = 0;
			defaultConfigurationName = Release;
		};
		41DF42B3258E34D1005EBE0E /* Build configuration list for PBXNativeTarget "CryptocurrencyInfoUITests" */ = {
			isa = XCConfigurationList;
			buildConfigurations = (
				41DF42B4258E34D1005EBE0E /* Debug */,
				41DF42B5258E34D1005EBE0E /* Release */,
			);
			defaultConfigurationIsVisible = 0;
			defaultConfigurationName = Release;
		};
/* End XCConfigurationList section */
	};
	rootObject = 41DF427B258E34CC005EBE0E /* Project object */;
}
