{
  "originHash" : "bf30b4ccf4b74fc5d4de0b03f7800a01216618e41e26c7fabe8c84e54ddb3a1e",
  "pins" : [
    {
      "identity" : "swiftevents",
      "kind" : "remoteSourceControl",
      "location" : "https://github.com/denissimon/SwiftEvents",
      "state" : {
        "revision" : "ff14a087b9ee1ff6ba11dee3e633083caa7ede8e",
        "version" : "2.2.3"
      }
    },
    {
      "identity" : "toast-swift",
      "kind" : "remoteSourceControl",
      "location" : "https://github.com/scalessec/Toast-Swift",
      "state" : {
        "revision" : "ddccd20d6fb718448d9b179c454c561653fda7d5",
        "version" : "5.1.1"
      }
    },
    {
      "identity" : "urlsessionadapter",
      "kind" : "remoteSourceControl",
      "location" : "https://github.com/denissimon/URLSessionAdapter",
      "state" : {
        "revision" : "7c161e0cb081f2b54e783385c492d9903149fc81",
        "version" : "1.7.0"
      }
    }
  ],
  "version" : 3
}
