PODS:
  - SwiftEvents (2.1.2)
  - Toast-Swift (5.1.1)
  - UAObfuscatedString (0.5.1)
  - URLSessionAdapter (1.4.2)

DEPENDENCIES:
  - SwiftEvents (~> 2.1)
  - Toast-Swift
  - UAObfuscatedString
  - URLSessionAdapter (~> 1.4)

SPEC REPOS:
  trunk:
    - SwiftEvents
    - Toast-Swift
    - UAObfuscatedString
    - URLSessionAdapter

SPEC CHECKSUMS:
  SwiftEvents: 4c7126b4132758c6450d07a06771ef04ee1ab803
  Toast-Swift: 7a03a532afe3a560d4044bc7c237e2864d295173
  UAObfuscatedString: 34850d89100c7aff99129ee56acd433fa5ed3aef
  URLSessionAdapter: 91a3c98f17409fe734ffbe750c2c8b8e7baff33f

PODFILE CHECKSUM: fd949347a6e6530167d8d317c3c8d1efd759a5a1

COCOAPODS: 1.13.0
